
Microsoft Visual Studio Solution File, Format Version 12.00
# Visual Studio Version 17
VisualStudioVersion = 17.2.32616.157
MinimumVisualStudioVersion = 10.0.40219.1
Project("{FAE04EC0-301F-11D3-BF4B-00C04F79EFBC}") = "WebApi", "WebApi\WebApi.csproj", "{A41C9B75-219A-4CFA-B8C1-0B2A6A57C66C}"
EndProject
Global
	GlobalSection(SolutionConfigurationPlatforms) = preSolution
		Debug|Any CPU = Debug|Any CPU
		Release|Any CPU = Release|Any CPU
	EndGlobalSection
	GlobalSection(ProjectConfigurationPlatforms) = postSolution
		{A41C9B75-219A-4CFA-B8C1-0B2A6A57C66C}.Debug|Any CPU.ActiveCfg = Debug|Any CPU
		{A41C9B75-219A-4CFA-B8C1-0B2A6A57C66C}.Debug|Any CPU.Build.0 = Debug|Any CPU
		{A41C9B75-219A-4CFA-B8C1-0B2A6A57C66C}.Release|Any CPU.ActiveCfg = Release|Any CPU
		{A41C9B75-219A-4CFA-B8C1-0B2A6A57C66C}.Release|Any CPU.Build.0 = Release|Any CPU
	EndGlobalSection
	GlobalSection(SolutionProperties) = preSolution
		HideSolutionNode = FALSE
	EndGlobalSection
	GlobalSection(ExtensibilityGlobals) = postSolution
		SolutionGuid = {DB45E02C-0826-478B-A89F-B9B1CEBF3A05}
	EndGlobalSection
EndGlobal
