
Microsoft Visual Studio Solution File, Format Version 12.00
# Visual Studio Version 17
VisualStudioVersion = 17.2.32616.157
MinimumVisualStudioVersion = 10.0.40219.1
Project("{FAE04EC0-301F-11D3-BF4B-00C04F79EFBC}") = "WebApplication2", "WebApplication2\WebApplication2.csproj", "{ECE67C06-7284-4C4B-8127-FE1BCEEFE63A}"
EndProject
Global
	GlobalSection(SolutionConfigurationPlatforms) = preSolution
		Debug|Any CPU = Debug|Any CPU
		Release|Any CPU = Release|Any CPU
	EndGlobalSection
	GlobalSection(ProjectConfigurationPlatforms) = postSolution
		{ECE67C06-7284-4C4B-8127-FE1BCEEFE63A}.Debug|Any CPU.ActiveCfg = Debug|Any CPU
		{ECE67C06-7284-4C4B-8127-FE1BCEEFE63A}.Debug|Any CPU.Build.0 = Debug|Any CPU
		{ECE67C06-7284-4C4B-8127-FE1BCEEFE63A}.Release|Any CPU.ActiveCfg = Release|Any CPU
		{ECE67C06-7284-4C4B-8127-FE1BCEEFE63A}.Release|Any CPU.Build.0 = Release|Any CPU
	EndGlobalSection
	GlobalSection(SolutionProperties) = preSolution
		HideSolutionNode = FALSE
	EndGlobalSection
	GlobalSection(ExtensibilityGlobals) = postSolution
		SolutionGuid = {390B5AF6-716C-43BB-9A1A-6CCFBC838E89}
	EndGlobalSection
EndGlobal
